# THIS IS AN AUTOGENERATED FILE. DO NOT EDIT THIS FILE DIRECTLY.
# yarn lockfile v1


p-throttle@^2.1.0:
  version "2.1.0"
  resolved "https://registry.yarnpkg.com/p-throttle/-/p-throttle-2.1.0.tgz#e79f70c6e325cbb9bddbcbec0b81025084671ad3"
  integrity sha512-M9bMt62TTnozdZhqFgs+V7XD2MnuKCaz+7fZdlu2/T7xruI3uIE5CicQ0vx1hV7HIUYF0jF+4/R1AgfOkl74Qw==

promise-throttle@^1.0.1:
  version "1.0.1"
  resolved "https://registry.yarnpkg.com/promise-throttle/-/promise-throttle-1.0.1.tgz#4bb871c9a4ad99dd224dbf57b9e3c9384020656c"
  integrity sha512-pdiK8b2RU2e93U0rBK7YyO18x74OQPsg3sFmyCGGNYNbfnyUwWiU5g6mFgWtOW8KsPnCYVHIOzm1iRwv0YWXrw==

waait@^1.0.5:
  version "1.0.5"
  resolved "https://registry.yarnpkg.com/waait/-/waait-1.0.5.tgz#6a3c7aaa88bd0a1a545e9d47890b9595bebf9aa7"
  integrity sha512-wp+unA4CpqxvBUKHHv8D86fK4jWByHAWyhEXXVHfVUZfK+16ylpj7hjQ58Z8j9ntu8XNukRQT8Fi5qbyJ8rkyw==
